{
  "version": 4,
  "terraform_version": "1.2.5",
  "serial": 883,
  "lineage": "fc7dbe88-93f1-aca7-ae73-d49e9c97a6b7",
  "outputs": {
    "public_ip_address_master": {
      "value": "51.142.181.203",
      "type": "string"
    },
    "public_ip_address_nfs": {
      "value": "51.142.146.175",
      "type": "string"
    },
    "public_ip_address_worker": {
      "value": "51.142.163.183",
      "type": "string"
    },
    "public_ip_address_worker2": {
      "value": "51.142.161.28",
      "type": "string"
    }
  },
  "resources": [
    {
      "mode": "managed",
      "type": "azurerm_linux_virtual_machine",
      "name": "mastervm",
      "provider": "provider[\"registry.terraform.io/hashicorp/azurerm\"]",
      "instances": [
        {
          "schema_version": 0,
          "attributes": {
            "additional_capabilities": [],
            "admin_password": null,
            "admin_ssh_key": [
              {
                "public_key": "ssh-rsa AAAAB3NzaC1yc2EAAAADAQABAAABgQCrlis08hVW9j9U/ySJEFI1qJJ0p9imiRNctARXDbvEVMc9YvJDUaeh2lhHNtwetiUyHuKgbjfVQ8IleZE4kSAYx6o/iKv6BnpkYgtxb3m97Upe1sW4JHRuBFuQLhodLqxbGCZs/+kE2GAN+nPHv1CUvt+3HZ8pibDJCRdNH450tTDj8aZiSPsMP5fx6Dq7ieN84ie2HwW68ayeSzeirrIYLv3EZmhIIsx/SaPyeH7NMntS60wY2AVoXjmn/Nx4nAycwlCUhUbUEx7e3ScCk6RGuxB2SBJmox004J4UniOEhfNym7tKRd8aTbCoHDrLjnfeX/viW7w4dPjvy+lJLEie3Go9AghkbwrXH69QgCyePbZBtaU6CR6xCd/lm/eKeOBAImbA5D+O7Jq7MaMcwN6N3yLN+1+xpUzVCUbSzjQ5rXwTpJo2awSRfAxSuQyegJP5F0Giq4A6JeNoEXcPzdDp/pMUIz4wwQqkpqwP1WHAWbtwLhPzs/hxlqEAV9UscDM= nogueira@Alejandros-MacBook-Pro.local\n",
                "username": "ansible"
              }
            ],
            "admin_username": "ansible",
            "allow_extension_operations": true,
            "availability_set_id": "",
            "boot_diagnostics": [
              {
                "storage_account_uri": "https://cp2storageaccount.blob.core.windows.net/"
              }
            ],
            "computer_name": "master.azure",
            "custom_data": null,
            "dedicated_host_id": "",
            "disable_password_authentication": true,
            "encryption_at_host_enabled": false,
            "eviction_policy": "",
            "extensions_time_budget": "PT1H30M",
            "id": "/subscriptions/5ccf6afd-ae4a-4305-8393-5b1b7b150dd6/resourceGroups/kubernetes/providers/Microsoft.Compute/virtualMachines/master",
            "identity": [],
            "location": "ukwest",
            "max_bid_price": -1,
            "name": "master",
            "network_interface_ids": [
              "/subscriptions/5ccf6afd-ae4a-4305-8393-5b1b7b150dd6/resourceGroups/kubernetes/providers/Microsoft.Network/networkInterfaces/MasterNIC"
            ],
            "os_disk": [
              {
                "caching": "ReadWrite",
                "diff_disk_settings": [],
                "disk_encryption_set_id": "",
                "disk_size_gb": 30,
                "name": "master_OsDisk_1_c980b953eb8b44228fbbd26306f16d05",
                "storage_account_type": "Standard_LRS",
                "write_accelerator_enabled": false
              }
            ],
            "plan": [
              {
                "name": "centos-8-stream-free",
                "product": "centos-8-stream-free",
                "publisher": "cognosys"
              }
            ],
            "priority": "Regular",
            "private_ip_address": "10.0.0.10",
            "private_ip_addresses": [
              "10.0.0.10"
            ],
            "provision_vm_agent": true,
            "proximity_placement_group_id": "",
            "public_ip_address": "51.142.181.203",
            "public_ip_addresses": [
              "51.142.181.203"
            ],
            "resource_group_name": "kubernetes",
            "secret": [],
            "size": "Standard_B2s",
            "source_image_id": "",
            "source_image_reference": [
              {
                "offer": "centos-8-stream-free",
                "publisher": "cognosys",
                "sku": "centos-8-stream-free",
                "version": "22.03.28"
              }
            ],
            "tags": {
              "environment": "CasoPractico2"
            },
            "timeouts": null,
            "virtual_machine_id": "9e54f45d-d107-4fae-8981-d0fd4b653c75",
            "virtual_machine_scale_set_id": "",
            "zone": ""
          },
          "sensitive_attributes": [],
          "private": "eyJlMmJmYjczMC1lY2FhLTExZTYtOGY4OC0zNDM2M2JjN2M0YzAiOnsiY3JlYXRlIjoyNzAwMDAwMDAwMDAwLCJkZWxldGUiOjI3MDAwMDAwMDAwMDAsInJlYWQiOjMwMDAwMDAwMDAwMCwidXBkYXRlIjoyNzAwMDAwMDAwMDAwfX0=",
          "dependencies": [
            "azurerm_network_interface.nic1",
            "azurerm_public_ip.publicIP1",
            "azurerm_resource_group.rg",
            "azurerm_storage_account.stAccount",
            "azurerm_subnet.mySubnet",
            "azurerm_virtual_network.myNet"
          ]
        }
      ]
    },
    {
      "mode": "managed",
      "type": "azurerm_linux_virtual_machine",
      "name": "nfs",
      "provider": "provider[\"registry.terraform.io/hashicorp/azurerm\"]",
      "instances": [
        {
          "schema_version": 0,
          "attributes": {
            "additional_capabilities": [],
            "admin_password": null,
            "admin_ssh_key": [
              {
                "public_key": "ssh-rsa AAAAB3NzaC1yc2EAAAADAQABAAABgQCrlis08hVW9j9U/ySJEFI1qJJ0p9imiRNctARXDbvEVMc9YvJDUaeh2lhHNtwetiUyHuKgbjfVQ8IleZE4kSAYx6o/iKv6BnpkYgtxb3m97Upe1sW4JHRuBFuQLhodLqxbGCZs/+kE2GAN+nPHv1CUvt+3HZ8pibDJCRdNH450tTDj8aZiSPsMP5fx6Dq7ieN84ie2HwW68ayeSzeirrIYLv3EZmhIIsx/SaPyeH7NMntS60wY2AVoXjmn/Nx4nAycwlCUhUbUEx7e3ScCk6RGuxB2SBJmox004J4UniOEhfNym7tKRd8aTbCoHDrLjnfeX/viW7w4dPjvy+lJLEie3Go9AghkbwrXH69QgCyePbZBtaU6CR6xCd/lm/eKeOBAImbA5D+O7Jq7MaMcwN6N3yLN+1+xpUzVCUbSzjQ5rXwTpJo2awSRfAxSuQyegJP5F0Giq4A6JeNoEXcPzdDp/pMUIz4wwQqkpqwP1WHAWbtwLhPzs/hxlqEAV9UscDM= nogueira@Alejandros-MacBook-Pro.local\n",
                "username": "ansible"
              }
            ],
            "admin_username": "ansible",
            "allow_extension_operations": true,
            "availability_set_id": "",
            "boot_diagnostics": [
              {
                "storage_account_uri": "https://cp2storageaccount.blob.core.windows.net/"
              }
            ],
            "computer_name": "nfs.azure",
            "custom_data": null,
            "dedicated_host_id": "",
            "disable_password_authentication": true,
            "encryption_at_host_enabled": false,
            "eviction_policy": "",
            "extensions_time_budget": "PT1H30M",
            "id": "/subscriptions/5ccf6afd-ae4a-4305-8393-5b1b7b150dd6/resourceGroups/kubernetes/providers/Microsoft.Compute/virtualMachines/nfs",
            "identity": [],
            "location": "ukwest",
            "max_bid_price": -1,
            "name": "nfs",
            "network_interface_ids": [
              "/subscriptions/5ccf6afd-ae4a-4305-8393-5b1b7b150dd6/resourceGroups/kubernetes/providers/Microsoft.Network/networkInterfaces/NFSNIC"
            ],
            "os_disk": [
              {
                "caching": "ReadWrite",
                "diff_disk_settings": [],
                "disk_encryption_set_id": "",
                "disk_size_gb": 30,
                "name": "nfs_OsDisk_1_54e13c971f614676aa82c158b7d573e5",
                "storage_account_type": "Standard_LRS",
                "write_accelerator_enabled": false
              }
            ],
            "plan": [
              {
                "name": "centos-8-stream-free",
                "product": "centos-8-stream-free",
                "publisher": "cognosys"
              }
            ],
            "priority": "Regular",
            "private_ip_address": "10.0.0.12",
            "private_ip_addresses": [
              "10.0.0.12"
            ],
            "provision_vm_agent": true,
            "proximity_placement_group_id": "",
            "public_ip_address": "51.142.146.175",
            "public_ip_addresses": [
              "51.142.146.175"
            ],
            "resource_group_name": "kubernetes",
            "secret": [],
            "size": "Standard_DS1_v2",
            "source_image_id": "",
            "source_image_reference": [
              {
                "offer": "centos-8-stream-free",
                "publisher": "cognosys",
                "sku": "centos-8-stream-free",
                "version": "22.03.28"
              }
            ],
            "tags": {
              "environment": "CasoPractico2"
            },
            "timeouts": null,
            "virtual_machine_id": "be206688-08e9-4765-99a3-3bc1a9082053",
            "virtual_machine_scale_set_id": "",
            "zone": ""
          },
          "sensitive_attributes": [],
          "private": "eyJlMmJmYjczMC1lY2FhLTExZTYtOGY4OC0zNDM2M2JjN2M0YzAiOnsiY3JlYXRlIjoyNzAwMDAwMDAwMDAwLCJkZWxldGUiOjI3MDAwMDAwMDAwMDAsInJlYWQiOjMwMDAwMDAwMDAwMCwidXBkYXRlIjoyNzAwMDAwMDAwMDAwfX0=",
          "dependencies": [
            "azurerm_network_interface.nic3",
            "azurerm_public_ip.publicIP3",
            "azurerm_resource_group.rg",
            "azurerm_storage_account.stAccount",
            "azurerm_subnet.mySubnet",
            "azurerm_virtual_network.myNet"
          ]
        }
      ]
    },
    {
      "mode": "managed",
      "type": "azurerm_linux_virtual_machine",
      "name": "workervm",
      "provider": "provider[\"registry.terraform.io/hashicorp/azurerm\"]",
      "instances": [
        {
          "schema_version": 0,
          "attributes": {
            "additional_capabilities": [],
            "admin_password": null,
            "admin_ssh_key": [
              {
                "public_key": "ssh-rsa AAAAB3NzaC1yc2EAAAADAQABAAABgQCrlis08hVW9j9U/ySJEFI1qJJ0p9imiRNctARXDbvEVMc9YvJDUaeh2lhHNtwetiUyHuKgbjfVQ8IleZE4kSAYx6o/iKv6BnpkYgtxb3m97Upe1sW4JHRuBFuQLhodLqxbGCZs/+kE2GAN+nPHv1CUvt+3HZ8pibDJCRdNH450tTDj8aZiSPsMP5fx6Dq7ieN84ie2HwW68ayeSzeirrIYLv3EZmhIIsx/SaPyeH7NMntS60wY2AVoXjmn/Nx4nAycwlCUhUbUEx7e3ScCk6RGuxB2SBJmox004J4UniOEhfNym7tKRd8aTbCoHDrLjnfeX/viW7w4dPjvy+lJLEie3Go9AghkbwrXH69QgCyePbZBtaU6CR6xCd/lm/eKeOBAImbA5D+O7Jq7MaMcwN6N3yLN+1+xpUzVCUbSzjQ5rXwTpJo2awSRfAxSuQyegJP5F0Giq4A6JeNoEXcPzdDp/pMUIz4wwQqkpqwP1WHAWbtwLhPzs/hxlqEAV9UscDM= nogueira@Alejandros-MacBook-Pro.local\n",
                "username": "ansible"
              }
            ],
            "admin_username": "ansible",
            "allow_extension_operations": true,
            "availability_set_id": "",
            "boot_diagnostics": [
              {
                "storage_account_uri": "https://cp2storageaccount.blob.core.windows.net/"
              }
            ],
            "computer_name": "worker1.azure",
            "custom_data": null,
            "dedicated_host_id": "",
            "disable_password_authentication": true,
            "encryption_at_host_enabled": false,
            "eviction_policy": "",
            "extensions_time_budget": "PT1H30M",
            "id": "/subscriptions/5ccf6afd-ae4a-4305-8393-5b1b7b150dd6/resourceGroups/kubernetes/providers/Microsoft.Compute/virtualMachines/worker1",
            "identity": [],
            "location": "ukwest",
            "max_bid_price": -1,
            "name": "worker1",
            "network_interface_ids": [
              "/subscriptions/5ccf6afd-ae4a-4305-8393-5b1b7b150dd6/resourceGroups/kubernetes/providers/Microsoft.Network/networkInterfaces/WorkerNIC"
            ],
            "os_disk": [
              {
                "caching": "ReadWrite",
                "diff_disk_settings": [],
                "disk_encryption_set_id": "",
                "disk_size_gb": 30,
                "name": "worker1_OsDisk_1_888a1a6c44584e8aac278956f0aea9ca",
                "storage_account_type": "Standard_LRS",
                "write_accelerator_enabled": false
              }
            ],
            "plan": [
              {
                "name": "centos-8-stream-free",
                "product": "centos-8-stream-free",
                "publisher": "cognosys"
              }
            ],
            "priority": "Regular",
            "private_ip_address": "10.0.0.11",
            "private_ip_addresses": [
              "10.0.0.11"
            ],
            "provision_vm_agent": true,
            "proximity_placement_group_id": "",
            "public_ip_address": "51.142.163.183",
            "public_ip_addresses": [
              "51.142.163.183"
            ],
            "resource_group_name": "kubernetes",
            "secret": [],
            "size": "Standard_DS1_v2",
            "source_image_id": "",
            "source_image_reference": [
              {
                "offer": "centos-8-stream-free",
                "publisher": "cognosys",
                "sku": "centos-8-stream-free",
                "version": "22.03.28"
              }
            ],
            "tags": {
              "environment": "CasoPractico2"
            },
            "timeouts": null,
            "virtual_machine_id": "2f9b7094-6d7b-4b0d-a541-159a9782b69d",
            "virtual_machine_scale_set_id": "",
            "zone": ""
          },
          "sensitive_attributes": [],
          "private": "eyJlMmJmYjczMC1lY2FhLTExZTYtOGY4OC0zNDM2M2JjN2M0YzAiOnsiY3JlYXRlIjoyNzAwMDAwMDAwMDAwLCJkZWxldGUiOjI3MDAwMDAwMDAwMDAsInJlYWQiOjMwMDAwMDAwMDAwMCwidXBkYXRlIjoyNzAwMDAwMDAwMDAwfX0=",
          "dependencies": [
            "azurerm_network_interface.nic2",
            "azurerm_public_ip.publicIP2",
            "azurerm_resource_group.rg",
            "azurerm_storage_account.stAccount",
            "azurerm_subnet.mySubnet",
            "azurerm_virtual_network.myNet"
          ]
        }
      ]
    },
    {
      "mode": "managed",
      "type": "azurerm_linux_virtual_machine",
      "name": "workervm2",
      "provider": "provider[\"registry.terraform.io/hashicorp/azurerm\"]",
      "instances": [
        {
          "schema_version": 0,
          "attributes": {
            "additional_capabilities": [],
            "admin_password": null,
            "admin_ssh_key": [
              {
                "public_key": "ssh-rsa AAAAB3NzaC1yc2EAAAADAQABAAABgQCrlis08hVW9j9U/ySJEFI1qJJ0p9imiRNctARXDbvEVMc9YvJDUaeh2lhHNtwetiUyHuKgbjfVQ8IleZE4kSAYx6o/iKv6BnpkYgtxb3m97Upe1sW4JHRuBFuQLhodLqxbGCZs/+kE2GAN+nPHv1CUvt+3HZ8pibDJCRdNH450tTDj8aZiSPsMP5fx6Dq7ieN84ie2HwW68ayeSzeirrIYLv3EZmhIIsx/SaPyeH7NMntS60wY2AVoXjmn/Nx4nAycwlCUhUbUEx7e3ScCk6RGuxB2SBJmox004J4UniOEhfNym7tKRd8aTbCoHDrLjnfeX/viW7w4dPjvy+lJLEie3Go9AghkbwrXH69QgCyePbZBtaU6CR6xCd/lm/eKeOBAImbA5D+O7Jq7MaMcwN6N3yLN+1+xpUzVCUbSzjQ5rXwTpJo2awSRfAxSuQyegJP5F0Giq4A6JeNoEXcPzdDp/pMUIz4wwQqkpqwP1WHAWbtwLhPzs/hxlqEAV9UscDM= nogueira@Alejandros-MacBook-Pro.local\n",
                "username": "ansible"
              }
            ],
            "admin_username": "ansible",
            "allow_extension_operations": true,
            "availability_set_id": "",
            "boot_diagnostics": [
              {
                "storage_account_uri": "https://cp2storageaccount.blob.core.windows.net/"
              }
            ],
            "computer_name": "worker2.azure",
            "custom_data": null,
            "dedicated_host_id": "",
            "disable_password_authentication": true,
            "encryption_at_host_enabled": false,
            "eviction_policy": "",
            "extensions_time_budget": "PT1H30M",
            "id": "/subscriptions/5ccf6afd-ae4a-4305-8393-5b1b7b150dd6/resourceGroups/kubernetes/providers/Microsoft.Compute/virtualMachines/worker2",
            "identity": [],
            "location": "ukwest",
            "max_bid_price": -1,
            "name": "worker2",
            "network_interface_ids": [
              "/subscriptions/5ccf6afd-ae4a-4305-8393-5b1b7b150dd6/resourceGroups/kubernetes/providers/Microsoft.Network/networkInterfaces/Worker2NIC"
            ],
            "os_disk": [
              {
                "caching": "ReadWrite",
                "diff_disk_settings": [],
                "disk_encryption_set_id": "",
                "disk_size_gb": 30,
                "name": "worker2_OsDisk_1_f21a382e1f98465c81fb3da6dbd2424a",
                "storage_account_type": "Standard_LRS",
                "write_accelerator_enabled": false
              }
            ],
            "plan": [
              {
                "name": "centos-8-stream-free",
                "product": "centos-8-stream-free",
                "publisher": "cognosys"
              }
            ],
            "priority": "Regular",
            "private_ip_address": "10.0.0.13",
            "private_ip_addresses": [
              "10.0.0.13"
            ],
            "provision_vm_agent": true,
            "proximity_placement_group_id": "",
            "public_ip_address": "51.142.161.28",
            "public_ip_addresses": [
              "51.142.161.28"
            ],
            "resource_group_name": "kubernetes",
            "secret": [],
            "size": "Standard_DS1_v2",
            "source_image_id": "",
            "source_image_reference": [
              {
                "offer": "centos-8-stream-free",
                "publisher": "cognosys",
                "sku": "centos-8-stream-free",
                "version": "22.03.28"
              }
            ],
            "tags": {
              "environment": "CasoPractico2"
            },
            "timeouts": null,
            "virtual_machine_id": "f6010c80-910d-451b-9c83-6db2b0474994",
            "virtual_machine_scale_set_id": "",
            "zone": ""
          },
          "sensitive_attributes": [],
          "private": "eyJlMmJmYjczMC1lY2FhLTExZTYtOGY4OC0zNDM2M2JjN2M0YzAiOnsiY3JlYXRlIjoyNzAwMDAwMDAwMDAwLCJkZWxldGUiOjI3MDAwMDAwMDAwMDAsInJlYWQiOjMwMDAwMDAwMDAwMCwidXBkYXRlIjoyNzAwMDAwMDAwMDAwfX0=",
          "dependencies": [
            "azurerm_network_interface.nic4",
            "azurerm_public_ip.publicIP4",
            "azurerm_resource_group.rg",
            "azurerm_storage_account.stAccount",
            "azurerm_subnet.mySubnet",
            "azurerm_virtual_network.myNet"
          ]
        }
      ]
    },
    {
      "mode": "managed",
      "type": "azurerm_network_interface",
      "name": "nic1",
      "provider": "provider[\"registry.terraform.io/hashicorp/azurerm\"]",
      "instances": [
        {
          "schema_version": 0,
          "attributes": {
            "applied_dns_servers": [],
            "dns_servers": [],
            "enable_accelerated_networking": false,
            "enable_ip_forwarding": false,
            "id": "/subscriptions/5ccf6afd-ae4a-4305-8393-5b1b7b150dd6/resourceGroups/kubernetes/providers/Microsoft.Network/networkInterfaces/MasterNIC",
            "internal_dns_name_label": "",
            "internal_domain_name_suffix": "xpvzqx324zpuvlrmvjkf5sgkbd.cwx.internal.cloudapp.net",
            "ip_configuration": [
              {
                "name": "config1",
                "primary": true,
                "private_ip_address": "10.0.0.10",
                "private_ip_address_allocation": "Static",
                "private_ip_address_version": "IPv4",
                "public_ip_address_id": "/subscriptions/5ccf6afd-ae4a-4305-8393-5b1b7b150dd6/resourceGroups/kubernetes/providers/Microsoft.Network/publicIPAddresses/vmip1",
                "subnet_id": "/subscriptions/5ccf6afd-ae4a-4305-8393-5b1b7b150dd6/resourceGroups/kubernetes/providers/Microsoft.Network/virtualNetworks/redkubernetes/subnets/subredkubernetes"
              }
            ],
            "location": "ukwest",
            "mac_address": "",
            "name": "MasterNIC",
            "private_ip_address": "10.0.0.10",
            "private_ip_addresses": [
              "10.0.0.10"
            ],
            "resource_group_name": "kubernetes",
            "tags": {
              "environment": "CasoPractico2"
            },
            "timeouts": null,
            "virtual_machine_id": ""
          },
          "sensitive_attributes": [],
          "private": "eyJlMmJmYjczMC1lY2FhLTExZTYtOGY4OC0zNDM2M2JjN2M0YzAiOnsiY3JlYXRlIjoxODAwMDAwMDAwMDAwLCJkZWxldGUiOjE4MDAwMDAwMDAwMDAsInJlYWQiOjMwMDAwMDAwMDAwMCwidXBkYXRlIjoxODAwMDAwMDAwMDAwfX0=",
          "dependencies": [
            "azurerm_public_ip.publicIP1",
            "azurerm_resource_group.rg",
            "azurerm_subnet.mySubnet",
            "azurerm_virtual_network.myNet"
          ]
        }
      ]
    },
    {
      "mode": "managed",
      "type": "azurerm_network_interface",
      "name": "nic2",
      "provider": "provider[\"registry.terraform.io/hashicorp/azurerm\"]",
      "instances": [
        {
          "schema_version": 0,
          "attributes": {
            "applied_dns_servers": [],
            "dns_servers": [],
            "enable_accelerated_networking": false,
            "enable_ip_forwarding": false,
            "id": "/subscriptions/5ccf6afd-ae4a-4305-8393-5b1b7b150dd6/resourceGroups/kubernetes/providers/Microsoft.Network/networkInterfaces/WorkerNIC",
            "internal_dns_name_label": "",
            "internal_domain_name_suffix": "xpvzqx324zpuvlrmvjkf5sgkbd.cwx.internal.cloudapp.net",
            "ip_configuration": [
              {
                "name": "config2",
                "primary": true,
                "private_ip_address": "10.0.0.11",
                "private_ip_address_allocation": "Static",
                "private_ip_address_version": "IPv4",
                "public_ip_address_id": "/subscriptions/5ccf6afd-ae4a-4305-8393-5b1b7b150dd6/resourceGroups/kubernetes/providers/Microsoft.Network/publicIPAddresses/vmip2",
                "subnet_id": "/subscriptions/5ccf6afd-ae4a-4305-8393-5b1b7b150dd6/resourceGroups/kubernetes/providers/Microsoft.Network/virtualNetworks/redkubernetes/subnets/subredkubernetes"
              }
            ],
            "location": "ukwest",
            "mac_address": "",
            "name": "WorkerNIC",
            "private_ip_address": "10.0.0.11",
            "private_ip_addresses": [
              "10.0.0.11"
            ],
            "resource_group_name": "kubernetes",
            "tags": {
              "environment": "CasoPractico2"
            },
            "timeouts": null,
            "virtual_machine_id": ""
          },
          "sensitive_attributes": [],
          "private": "eyJlMmJmYjczMC1lY2FhLTExZTYtOGY4OC0zNDM2M2JjN2M0YzAiOnsiY3JlYXRlIjoxODAwMDAwMDAwMDAwLCJkZWxldGUiOjE4MDAwMDAwMDAwMDAsInJlYWQiOjMwMDAwMDAwMDAwMCwidXBkYXRlIjoxODAwMDAwMDAwMDAwfX0=",
          "dependencies": [
            "azurerm_public_ip.publicIP2",
            "azurerm_resource_group.rg",
            "azurerm_subnet.mySubnet",
            "azurerm_virtual_network.myNet"
          ]
        }
      ]
    },
    {
      "mode": "managed",
      "type": "azurerm_network_interface",
      "name": "nic3",
      "provider": "provider[\"registry.terraform.io/hashicorp/azurerm\"]",
      "instances": [
        {
          "schema_version": 0,
          "attributes": {
            "applied_dns_servers": [],
            "dns_servers": [],
            "enable_accelerated_networking": false,
            "enable_ip_forwarding": false,
            "id": "/subscriptions/5ccf6afd-ae4a-4305-8393-5b1b7b150dd6/resourceGroups/kubernetes/providers/Microsoft.Network/networkInterfaces/NFSNIC",
            "internal_dns_name_label": "",
            "internal_domain_name_suffix": "xpvzqx324zpuvlrmvjkf5sgkbd.cwx.internal.cloudapp.net",
            "ip_configuration": [
              {
                "name": "config3",
                "primary": true,
                "private_ip_address": "10.0.0.12",
                "private_ip_address_allocation": "Static",
                "private_ip_address_version": "IPv4",
                "public_ip_address_id": "/subscriptions/5ccf6afd-ae4a-4305-8393-5b1b7b150dd6/resourceGroups/kubernetes/providers/Microsoft.Network/publicIPAddresses/vmip3",
                "subnet_id": "/subscriptions/5ccf6afd-ae4a-4305-8393-5b1b7b150dd6/resourceGroups/kubernetes/providers/Microsoft.Network/virtualNetworks/redkubernetes/subnets/subredkubernetes"
              }
            ],
            "location": "ukwest",
            "mac_address": "",
            "name": "NFSNIC",
            "private_ip_address": "10.0.0.12",
            "private_ip_addresses": [
              "10.0.0.12"
            ],
            "resource_group_name": "kubernetes",
            "tags": {
              "environment": "CasoPractico2"
            },
            "timeouts": null,
            "virtual_machine_id": ""
          },
          "sensitive_attributes": [],
          "private": "eyJlMmJmYjczMC1lY2FhLTExZTYtOGY4OC0zNDM2M2JjN2M0YzAiOnsiY3JlYXRlIjoxODAwMDAwMDAwMDAwLCJkZWxldGUiOjE4MDAwMDAwMDAwMDAsInJlYWQiOjMwMDAwMDAwMDAwMCwidXBkYXRlIjoxODAwMDAwMDAwMDAwfX0=",
          "dependencies": [
            "azurerm_public_ip.publicIP3",
            "azurerm_resource_group.rg",
            "azurerm_subnet.mySubnet",
            "azurerm_virtual_network.myNet"
          ]
        }
      ]
    },
    {
      "mode": "managed",
      "type": "azurerm_network_interface",
      "name": "nic4",
      "provider": "provider[\"registry.terraform.io/hashicorp/azurerm\"]",
      "instances": [
        {
          "schema_version": 0,
          "attributes": {
            "applied_dns_servers": [],
            "dns_servers": [],
            "enable_accelerated_networking": false,
            "enable_ip_forwarding": false,
            "id": "/subscriptions/5ccf6afd-ae4a-4305-8393-5b1b7b150dd6/resourceGroups/kubernetes/providers/Microsoft.Network/networkInterfaces/Worker2NIC",
            "internal_dns_name_label": "",
            "internal_domain_name_suffix": "xpvzqx324zpuvlrmvjkf5sgkbd.cwx.internal.cloudapp.net",
            "ip_configuration": [
              {
                "name": "config4",
                "primary": true,
                "private_ip_address": "10.0.0.13",
                "private_ip_address_allocation": "Static",
                "private_ip_address_version": "IPv4",
                "public_ip_address_id": "/subscriptions/5ccf6afd-ae4a-4305-8393-5b1b7b150dd6/resourceGroups/kubernetes/providers/Microsoft.Network/publicIPAddresses/vmip4",
                "subnet_id": "/subscriptions/5ccf6afd-ae4a-4305-8393-5b1b7b150dd6/resourceGroups/kubernetes/providers/Microsoft.Network/virtualNetworks/redkubernetes/subnets/subredkubernetes"
              }
            ],
            "location": "ukwest",
            "mac_address": "",
            "name": "Worker2NIC",
            "private_ip_address": "10.0.0.13",
            "private_ip_addresses": [
              "10.0.0.13"
            ],
            "resource_group_name": "kubernetes",
            "tags": {
              "environment": "CasoPractico2"
            },
            "timeouts": null,
            "virtual_machine_id": ""
          },
          "sensitive_attributes": [],
          "private": "eyJlMmJmYjczMC1lY2FhLTExZTYtOGY4OC0zNDM2M2JjN2M0YzAiOnsiY3JlYXRlIjoxODAwMDAwMDAwMDAwLCJkZWxldGUiOjE4MDAwMDAwMDAwMDAsInJlYWQiOjMwMDAwMDAwMDAwMCwidXBkYXRlIjoxODAwMDAwMDAwMDAwfX0=",
          "dependencies": [
            "azurerm_public_ip.publicIP4",
            "azurerm_resource_group.rg",
            "azurerm_subnet.mySubnet",
            "azurerm_virtual_network.myNet"
          ]
        }
      ]
    },
    {
      "mode": "managed",
      "type": "azurerm_network_interface_security_group_association",
      "name": "nsg1tonic1",
      "provider": "provider[\"registry.terraform.io/hashicorp/azurerm\"]",
      "instances": [
        {
          "schema_version": 0,
          "attributes": {
            "id": "/subscriptions/5ccf6afd-ae4a-4305-8393-5b1b7b150dd6/resourceGroups/kubernetes/providers/Microsoft.Network/networkInterfaces/MasterNIC|/subscriptions/5ccf6afd-ae4a-4305-8393-5b1b7b150dd6/resourceGroups/kubernetes/providers/Microsoft.Network/networkSecurityGroups/nsgmaster",
            "network_interface_id": "/subscriptions/5ccf6afd-ae4a-4305-8393-5b1b7b150dd6/resourceGroups/kubernetes/providers/Microsoft.Network/networkInterfaces/MasterNIC",
            "network_security_group_id": "/subscriptions/5ccf6afd-ae4a-4305-8393-5b1b7b150dd6/resourceGroups/kubernetes/providers/Microsoft.Network/networkSecurityGroups/nsgmaster",
            "timeouts": null
          },
          "sensitive_attributes": [],
          "private": "eyJlMmJmYjczMC1lY2FhLTExZTYtOGY4OC0zNDM2M2JjN2M0YzAiOnsiY3JlYXRlIjoxODAwMDAwMDAwMDAwLCJkZWxldGUiOjE4MDAwMDAwMDAwMDAsInJlYWQiOjMwMDAwMDAwMDAwMCwidXBkYXRlIjoxODAwMDAwMDAwMDAwfX0=",
          "dependencies": [
            "azurerm_network_interface.nic1",
            "azurerm_network_security_group.nsgmaster",
            "azurerm_public_ip.publicIP1",
            "azurerm_resource_group.rg",
            "azurerm_subnet.mySubnet",
            "azurerm_virtual_network.myNet"
          ]
        }
      ]
    },
    {
      "mode": "managed",
      "type": "azurerm_network_interface_security_group_association",
      "name": "nsg2tonic2",
      "provider": "provider[\"registry.terraform.io/hashicorp/azurerm\"]",
      "instances": [
        {
          "schema_version": 0,
          "attributes": {
            "id": "/subscriptions/5ccf6afd-ae4a-4305-8393-5b1b7b150dd6/resourceGroups/kubernetes/providers/Microsoft.Network/networkInterfaces/WorkerNIC|/subscriptions/5ccf6afd-ae4a-4305-8393-5b1b7b150dd6/resourceGroups/kubernetes/providers/Microsoft.Network/networkSecurityGroups/nsgworker",
            "network_interface_id": "/subscriptions/5ccf6afd-ae4a-4305-8393-5b1b7b150dd6/resourceGroups/kubernetes/providers/Microsoft.Network/networkInterfaces/WorkerNIC",
            "network_security_group_id": "/subscriptions/5ccf6afd-ae4a-4305-8393-5b1b7b150dd6/resourceGroups/kubernetes/providers/Microsoft.Network/networkSecurityGroups/nsgworker",
            "timeouts": null
          },
          "sensitive_attributes": [],
          "private": "eyJlMmJmYjczMC1lY2FhLTExZTYtOGY4OC0zNDM2M2JjN2M0YzAiOnsiY3JlYXRlIjoxODAwMDAwMDAwMDAwLCJkZWxldGUiOjE4MDAwMDAwMDAwMDAsInJlYWQiOjMwMDAwMDAwMDAwMCwidXBkYXRlIjoxODAwMDAwMDAwMDAwfX0=",
          "dependencies": [
            "azurerm_network_interface.nic2",
            "azurerm_network_security_group.nsgworker",
            "azurerm_public_ip.publicIP2",
            "azurerm_resource_group.rg",
            "azurerm_subnet.mySubnet",
            "azurerm_virtual_network.myNet"
          ]
        }
      ]
    },
    {
      "mode": "managed",
      "type": "azurerm_network_interface_security_group_association",
      "name": "nsg3tonic3",
      "provider": "provider[\"registry.terraform.io/hashicorp/azurerm\"]",
      "instances": [
        {
          "schema_version": 0,
          "attributes": {
            "id": "/subscriptions/5ccf6afd-ae4a-4305-8393-5b1b7b150dd6/resourceGroups/kubernetes/providers/Microsoft.Network/networkInterfaces/NFSNIC|/subscriptions/5ccf6afd-ae4a-4305-8393-5b1b7b150dd6/resourceGroups/kubernetes/providers/Microsoft.Network/networkSecurityGroups/nsgnfs",
            "network_interface_id": "/subscriptions/5ccf6afd-ae4a-4305-8393-5b1b7b150dd6/resourceGroups/kubernetes/providers/Microsoft.Network/networkInterfaces/NFSNIC",
            "network_security_group_id": "/subscriptions/5ccf6afd-ae4a-4305-8393-5b1b7b150dd6/resourceGroups/kubernetes/providers/Microsoft.Network/networkSecurityGroups/nsgnfs",
            "timeouts": null
          },
          "sensitive_attributes": [],
          "private": "eyJlMmJmYjczMC1lY2FhLTExZTYtOGY4OC0zNDM2M2JjN2M0YzAiOnsiY3JlYXRlIjoxODAwMDAwMDAwMDAwLCJkZWxldGUiOjE4MDAwMDAwMDAwMDAsInJlYWQiOjMwMDAwMDAwMDAwMCwidXBkYXRlIjoxODAwMDAwMDAwMDAwfX0=",
          "dependencies": [
            "azurerm_network_interface.nic3",
            "azurerm_network_security_group.nsgnfs",
            "azurerm_public_ip.publicIP3",
            "azurerm_resource_group.rg",
            "azurerm_subnet.mySubnet",
            "azurerm_virtual_network.myNet"
          ]
        }
      ]
    },
    {
      "mode": "managed",
      "type": "azurerm_network_interface_security_group_association",
      "name": "nsg4tonic4",
      "provider": "provider[\"registry.terraform.io/hashicorp/azurerm\"]",
      "instances": [
        {
          "schema_version": 0,
          "attributes": {
            "id": "/subscriptions/5ccf6afd-ae4a-4305-8393-5b1b7b150dd6/resourceGroups/kubernetes/providers/Microsoft.Network/networkInterfaces/Worker2NIC|/subscriptions/5ccf6afd-ae4a-4305-8393-5b1b7b150dd6/resourceGroups/kubernetes/providers/Microsoft.Network/networkSecurityGroups/nsgworker",
            "network_interface_id": "/subscriptions/5ccf6afd-ae4a-4305-8393-5b1b7b150dd6/resourceGroups/kubernetes/providers/Microsoft.Network/networkInterfaces/Worker2NIC",
            "network_security_group_id": "/subscriptions/5ccf6afd-ae4a-4305-8393-5b1b7b150dd6/resourceGroups/kubernetes/providers/Microsoft.Network/networkSecurityGroups/nsgworker",
            "timeouts": null
          },
          "sensitive_attributes": [],
          "private": "eyJlMmJmYjczMC1lY2FhLTExZTYtOGY4OC0zNDM2M2JjN2M0YzAiOnsiY3JlYXRlIjoxODAwMDAwMDAwMDAwLCJkZWxldGUiOjE4MDAwMDAwMDAwMDAsInJlYWQiOjMwMDAwMDAwMDAwMCwidXBkYXRlIjoxODAwMDAwMDAwMDAwfX0=",
          "dependencies": [
            "azurerm_network_interface.nic4",
            "azurerm_network_security_group.nsgworker",
            "azurerm_public_ip.publicIP4",
            "azurerm_resource_group.rg",
            "azurerm_subnet.mySubnet",
            "azurerm_virtual_network.myNet"
          ]
        }
      ]
    },
    {
      "mode": "managed",
      "type": "azurerm_network_security_group",
      "name": "nsgmaster",
      "provider": "provider[\"registry.terraform.io/hashicorp/azurerm\"]",
      "instances": [
        {
          "schema_version": 0,
          "attributes": {
            "id": "/subscriptions/5ccf6afd-ae4a-4305-8393-5b1b7b150dd6/resourceGroups/kubernetes/providers/Microsoft.Network/networkSecurityGroups/nsgmaster",
            "location": "ukwest",
            "name": "nsgmaster",
            "resource_group_name": "kubernetes",
            "security_rule": [
              {
                "access": "Allow",
                "description": "",
                "destination_address_prefix": "*",
                "destination_address_prefixes": [],
                "destination_application_security_group_ids": [],
                "destination_port_range": "22",
                "destination_port_ranges": [],
                "direction": "Inbound",
                "name": "SSH",
                "priority": 1001,
                "protocol": "Tcp",
                "source_address_prefix": "*",
                "source_address_prefixes": [],
                "source_application_security_group_ids": [],
                "source_port_range": "*",
                "source_port_ranges": []
              },
              {
                "access": "Allow",
                "description": "",
                "destination_address_prefix": "*",
                "destination_address_prefixes": [],
                "destination_application_security_group_ids": [],
                "destination_port_range": "80",
                "destination_port_ranges": [],
                "direction": "Inbound",
                "name": "HTTP",
                "priority": 1002,
                "protocol": "Tcp",
                "source_address_prefix": "*",
                "source_address_prefixes": [],
                "source_application_security_group_ids": [],
                "source_port_range": "*",
                "source_port_ranges": []
              },
              {
                "access": "Allow",
                "description": "",
                "destination_address_prefix": "*",
                "destination_address_prefixes": [],
                "destination_application_security_group_ids": [],
                "destination_port_range": "8080",
                "destination_port_ranges": [],
                "direction": "Inbound",
                "name": "HTTP8080",
                "priority": 1003,
                "protocol": "Tcp",
                "source_address_prefix": "*",
                "source_address_prefixes": [],
                "source_application_security_group_ids": [],
                "source_port_range": "*",
                "source_port_ranges": []
              }
            ],
            "tags": {
              "environment": "CasoPractico2"
            },
            "timeouts": null
          },
          "sensitive_attributes": [],
          "private": "eyJlMmJmYjczMC1lY2FhLTExZTYtOGY4OC0zNDM2M2JjN2M0YzAiOnsiY3JlYXRlIjoxODAwMDAwMDAwMDAwLCJkZWxldGUiOjE4MDAwMDAwMDAwMDAsInJlYWQiOjMwMDAwMDAwMDAwMCwidXBkYXRlIjoxODAwMDAwMDAwMDAwfX0=",
          "dependencies": [
            "azurerm_resource_group.rg"
          ]
        }
      ]
    },
    {
      "mode": "managed",
      "type": "azurerm_network_security_group",
      "name": "nsgnfs",
      "provider": "provider[\"registry.terraform.io/hashicorp/azurerm\"]",
      "instances": [
        {
          "schema_version": 0,
          "attributes": {
            "id": "/subscriptions/5ccf6afd-ae4a-4305-8393-5b1b7b150dd6/resourceGroups/kubernetes/providers/Microsoft.Network/networkSecurityGroups/nsgnfs",
            "location": "ukwest",
            "name": "nsgnfs",
            "resource_group_name": "kubernetes",
            "security_rule": [
              {
                "access": "Allow",
                "description": "",
                "destination_address_prefix": "*",
                "destination_address_prefixes": [],
                "destination_application_security_group_ids": [],
                "destination_port_range": "22",
                "destination_port_ranges": [],
                "direction": "Inbound",
                "name": "SSH",
                "priority": 1001,
                "protocol": "Tcp",
                "source_address_prefix": "*",
                "source_address_prefixes": [],
                "source_application_security_group_ids": [],
                "source_port_range": "*",
                "source_port_ranges": []
              }
            ],
            "tags": null,
            "timeouts": null
          },
          "sensitive_attributes": [],
          "private": "eyJlMmJmYjczMC1lY2FhLTExZTYtOGY4OC0zNDM2M2JjN2M0YzAiOnsiY3JlYXRlIjoxODAwMDAwMDAwMDAwLCJkZWxldGUiOjE4MDAwMDAwMDAwMDAsInJlYWQiOjMwMDAwMDAwMDAwMCwidXBkYXRlIjoxODAwMDAwMDAwMDAwfX0=",
          "dependencies": [
            "azurerm_resource_group.rg"
          ]
        }
      ]
    },
    {
      "mode": "managed",
      "type": "azurerm_network_security_group",
      "name": "nsgworker",
      "provider": "provider[\"registry.terraform.io/hashicorp/azurerm\"]",
      "instances": [
        {
          "schema_version": 0,
          "attributes": {
            "id": "/subscriptions/5ccf6afd-ae4a-4305-8393-5b1b7b150dd6/resourceGroups/kubernetes/providers/Microsoft.Network/networkSecurityGroups/nsgworker",
            "location": "ukwest",
            "name": "nsgworker",
            "resource_group_name": "kubernetes",
            "security_rule": [
              {
                "access": "Allow",
                "description": "",
                "destination_address_prefix": "*",
                "destination_address_prefixes": [],
                "destination_application_security_group_ids": [],
                "destination_port_range": "22",
                "destination_port_ranges": [],
                "direction": "Inbound",
                "name": "SSH",
                "priority": 1001,
                "protocol": "Tcp",
                "source_address_prefix": "*",
                "source_address_prefixes": [],
                "source_application_security_group_ids": [],
                "source_port_range": "*",
                "source_port_ranges": []
              }
            ],
            "tags": null,
            "timeouts": null
          },
          "sensitive_attributes": [],
          "private": "eyJlMmJmYjczMC1lY2FhLTExZTYtOGY4OC0zNDM2M2JjN2M0YzAiOnsiY3JlYXRlIjoxODAwMDAwMDAwMDAwLCJkZWxldGUiOjE4MDAwMDAwMDAwMDAsInJlYWQiOjMwMDAwMDAwMDAwMCwidXBkYXRlIjoxODAwMDAwMDAwMDAwfX0=",
          "dependencies": [
            "azurerm_resource_group.rg"
          ]
        }
      ]
    },
    {
      "mode": "managed",
      "type": "azurerm_public_ip",
      "name": "publicIP1",
      "provider": "provider[\"registry.terraform.io/hashicorp/azurerm\"]",
      "instances": [
        {
          "schema_version": 0,
          "attributes": {
            "allocation_method": "Dynamic",
            "domain_name_label": null,
            "fqdn": null,
            "id": "/subscriptions/5ccf6afd-ae4a-4305-8393-5b1b7b150dd6/resourceGroups/kubernetes/providers/Microsoft.Network/publicIPAddresses/vmip1",
            "idle_timeout_in_minutes": 4,
            "ip_address": "",
            "ip_version": "IPv4",
            "location": "ukwest",
            "name": "vmip1",
            "public_ip_prefix_id": null,
            "resource_group_name": "kubernetes",
            "reverse_fqdn": null,
            "sku": "Basic",
            "tags": {
              "environment": "CasoPractico2"
            },
            "timeouts": null,
            "zones": null
          },
          "sensitive_attributes": [],
          "private": "eyJlMmJmYjczMC1lY2FhLTExZTYtOGY4OC0zNDM2M2JjN2M0YzAiOnsiY3JlYXRlIjoxODAwMDAwMDAwMDAwLCJkZWxldGUiOjE4MDAwMDAwMDAwMDAsInJlYWQiOjMwMDAwMDAwMDAwMCwidXBkYXRlIjoxODAwMDAwMDAwMDAwfX0=",
          "dependencies": [
            "azurerm_resource_group.rg"
          ]
        }
      ]
    },
    {
      "mode": "managed",
      "type": "azurerm_public_ip",
      "name": "publicIP2",
      "provider": "provider[\"registry.terraform.io/hashicorp/azurerm\"]",
      "instances": [
        {
          "schema_version": 0,
          "attributes": {
            "allocation_method": "Dynamic",
            "domain_name_label": null,
            "fqdn": null,
            "id": "/subscriptions/5ccf6afd-ae4a-4305-8393-5b1b7b150dd6/resourceGroups/kubernetes/providers/Microsoft.Network/publicIPAddresses/vmip2",
            "idle_timeout_in_minutes": 4,
            "ip_address": "",
            "ip_version": "IPv4",
            "location": "ukwest",
            "name": "vmip2",
            "public_ip_prefix_id": null,
            "resource_group_name": "kubernetes",
            "reverse_fqdn": null,
            "sku": "Basic",
            "tags": {
              "environment": "CasoPractico2"
            },
            "timeouts": null,
            "zones": null
          },
          "sensitive_attributes": [],
          "private": "eyJlMmJmYjczMC1lY2FhLTExZTYtOGY4OC0zNDM2M2JjN2M0YzAiOnsiY3JlYXRlIjoxODAwMDAwMDAwMDAwLCJkZWxldGUiOjE4MDAwMDAwMDAwMDAsInJlYWQiOjMwMDAwMDAwMDAwMCwidXBkYXRlIjoxODAwMDAwMDAwMDAwfX0=",
          "dependencies": [
            "azurerm_resource_group.rg"
          ]
        }
      ]
    },
    {
      "mode": "managed",
      "type": "azurerm_public_ip",
      "name": "publicIP3",
      "provider": "provider[\"registry.terraform.io/hashicorp/azurerm\"]",
      "instances": [
        {
          "schema_version": 0,
          "attributes": {
            "allocation_method": "Dynamic",
            "domain_name_label": null,
            "fqdn": null,
            "id": "/subscriptions/5ccf6afd-ae4a-4305-8393-5b1b7b150dd6/resourceGroups/kubernetes/providers/Microsoft.Network/publicIPAddresses/vmip3",
            "idle_timeout_in_minutes": 4,
            "ip_address": "",
            "ip_version": "IPv4",
            "location": "ukwest",
            "name": "vmip3",
            "public_ip_prefix_id": null,
            "resource_group_name": "kubernetes",
            "reverse_fqdn": null,
            "sku": "Basic",
            "tags": {
              "environment": "CasoPractico2"
            },
            "timeouts": null,
            "zones": null
          },
          "sensitive_attributes": [],
          "private": "eyJlMmJmYjczMC1lY2FhLTExZTYtOGY4OC0zNDM2M2JjN2M0YzAiOnsiY3JlYXRlIjoxODAwMDAwMDAwMDAwLCJkZWxldGUiOjE4MDAwMDAwMDAwMDAsInJlYWQiOjMwMDAwMDAwMDAwMCwidXBkYXRlIjoxODAwMDAwMDAwMDAwfX0=",
          "dependencies": [
            "azurerm_resource_group.rg"
          ]
        }
      ]
    },
    {
      "mode": "managed",
      "type": "azurerm_public_ip",
      "name": "publicIP4",
      "provider": "provider[\"registry.terraform.io/hashicorp/azurerm\"]",
      "instances": [
        {
          "schema_version": 0,
          "attributes": {
            "allocation_method": "Dynamic",
            "domain_name_label": null,
            "fqdn": null,
            "id": "/subscriptions/5ccf6afd-ae4a-4305-8393-5b1b7b150dd6/resourceGroups/kubernetes/providers/Microsoft.Network/publicIPAddresses/vmip4",
            "idle_timeout_in_minutes": 4,
            "ip_address": "",
            "ip_version": "IPv4",
            "location": "ukwest",
            "name": "vmip4",
            "public_ip_prefix_id": null,
            "resource_group_name": "kubernetes",
            "reverse_fqdn": null,
            "sku": "Basic",
            "tags": {
              "environment": "CasoPractico2"
            },
            "timeouts": null,
            "zones": null
          },
          "sensitive_attributes": [],
          "private": "eyJlMmJmYjczMC1lY2FhLTExZTYtOGY4OC0zNDM2M2JjN2M0YzAiOnsiY3JlYXRlIjoxODAwMDAwMDAwMDAwLCJkZWxldGUiOjE4MDAwMDAwMDAwMDAsInJlYWQiOjMwMDAwMDAwMDAwMCwidXBkYXRlIjoxODAwMDAwMDAwMDAwfX0=",
          "dependencies": [
            "azurerm_resource_group.rg"
          ]
        }
      ]
    },
    {
      "mode": "managed",
      "type": "azurerm_resource_group",
      "name": "rg",
      "provider": "provider[\"registry.terraform.io/hashicorp/azurerm\"]",
      "instances": [
        {
          "schema_version": 0,
          "attributes": {
            "id": "/subscriptions/5ccf6afd-ae4a-4305-8393-5b1b7b150dd6/resourceGroups/kubernetes",
            "location": "ukwest",
            "name": "kubernetes",
            "tags": {
              "environment": "CasoPractico2"
            },
            "timeouts": null
          },
          "sensitive_attributes": [],
          "private": "eyJlMmJmYjczMC1lY2FhLTExZTYtOGY4OC0zNDM2M2JjN2M0YzAiOnsiY3JlYXRlIjo1NDAwMDAwMDAwMDAwLCJkZWxldGUiOjU0MDAwMDAwMDAwMDAsInJlYWQiOjMwMDAwMDAwMDAwMCwidXBkYXRlIjo1NDAwMDAwMDAwMDAwfX0="
        }
      ]
    },
    {
      "mode": "managed",
      "type": "azurerm_storage_account",
      "name": "stAccount",
      "provider": "provider[\"registry.terraform.io/hashicorp/azurerm\"]",
      "instances": [
        {
          "schema_version": 2,
          "attributes": {
            "access_tier": "Hot",
            "account_kind": "StorageV2",
            "account_replication_type": "LRS",
            "account_tier": "Standard",
            "allow_blob_public_access": false,
            "blob_properties": [],
            "custom_domain": [],
            "enable_https_traffic_only": true,
            "id": "/subscriptions/5ccf6afd-ae4a-4305-8393-5b1b7b150dd6/resourceGroups/kubernetes/providers/Microsoft.Storage/storageAccounts/cp2storageaccount",
            "identity": [],
            "is_hns_enabled": false,
            "large_file_share_enabled": null,
            "location": "ukwest",
            "min_tls_version": "TLS1_0",
            "name": "cp2storageaccount",
            "network_rules": [
              {
                "bypass": [
                  "AzureServices"
                ],
                "default_action": "Allow",
                "ip_rules": [],
                "virtual_network_subnet_ids": []
              }
            ],
            "primary_access_key": "j6ZuAEcrdHZG2sGouaySIKUwJsHxCotlX0aw6dVSaPyBuJD3MGUAD4jzmuK3erD91cYa3x5hVHd1+AStoea7Bw==",
            "primary_blob_connection_string": "DefaultEndpointsProtocol=https;BlobEndpoint=https://cp2storageaccount.blob.core.windows.net/;AccountName=cp2storageaccount;AccountKey=j6ZuAEcrdHZG2sGouaySIKUwJsHxCotlX0aw6dVSaPyBuJD3MGUAD4jzmuK3erD91cYa3x5hVHd1+AStoea7Bw==",
            "primary_blob_endpoint": "https://cp2storageaccount.blob.core.windows.net/",
            "primary_blob_host": "cp2storageaccount.blob.core.windows.net",
            "primary_connection_string": "DefaultEndpointsProtocol=https;AccountName=cp2storageaccount;AccountKey=j6ZuAEcrdHZG2sGouaySIKUwJsHxCotlX0aw6dVSaPyBuJD3MGUAD4jzmuK3erD91cYa3x5hVHd1+AStoea7Bw==;EndpointSuffix=core.windows.net",
            "primary_dfs_endpoint": "https://cp2storageaccount.dfs.core.windows.net/",
            "primary_dfs_host": "cp2storageaccount.dfs.core.windows.net",
            "primary_file_endpoint": "https://cp2storageaccount.file.core.windows.net/",
            "primary_file_host": "cp2storageaccount.file.core.windows.net",
            "primary_location": "ukwest",
            "primary_queue_endpoint": "https://cp2storageaccount.queue.core.windows.net/",
            "primary_queue_host": "cp2storageaccount.queue.core.windows.net",
            "primary_table_endpoint": "https://cp2storageaccount.table.core.windows.net/",
            "primary_table_host": "cp2storageaccount.table.core.windows.net",
            "primary_web_endpoint": "https://cp2storageaccount.z35.web.core.windows.net/",
            "primary_web_host": "cp2storageaccount.z35.web.core.windows.net",
            "queue_properties": [
              {
                "cors_rule": [],
                "hour_metrics": [
                  {
                    "enabled": true,
                    "include_apis": true,
                    "retention_policy_days": 7,
                    "version": "1.0"
                  }
                ],
                "logging": [
                  {
                    "delete": false,
                    "read": false,
                    "retention_policy_days": 0,
                    "version": "1.0",
                    "write": false
                  }
                ],
                "minute_metrics": [
                  {
                    "enabled": false,
                    "include_apis": false,
                    "retention_policy_days": 0,
                    "version": "1.0"
                  }
                ]
              }
            ],
            "resource_group_name": "kubernetes",
            "secondary_access_key": "WJsnfOYfaZZ70KJlafaMbtAud+jMM6RvA5zlrdJQ6T8GQhUHQ2n8n7Qh4xt9xAOqhcrzQTHsu8NL+AStKusXVg==",
            "secondary_blob_connection_string": "",
            "secondary_blob_endpoint": null,
            "secondary_blob_host": null,
            "secondary_connection_string": "DefaultEndpointsProtocol=https;AccountName=cp2storageaccount;AccountKey=WJsnfOYfaZZ70KJlafaMbtAud+jMM6RvA5zlrdJQ6T8GQhUHQ2n8n7Qh4xt9xAOqhcrzQTHsu8NL+AStKusXVg==;EndpointSuffix=core.windows.net",
            "secondary_dfs_endpoint": null,
            "secondary_dfs_host": null,
            "secondary_file_endpoint": null,
            "secondary_file_host": null,
            "secondary_location": "",
            "secondary_queue_endpoint": null,
            "secondary_queue_host": null,
            "secondary_table_endpoint": null,
            "secondary_table_host": null,
            "secondary_web_endpoint": null,
            "secondary_web_host": null,
            "static_website": [],
            "tags": {
              "environment": "CasoPractico2"
            },
            "timeouts": null
          },
          "sensitive_attributes": [],
          "private": "eyJlMmJmYjczMC1lY2FhLTExZTYtOGY4OC0zNDM2M2JjN2M0YzAiOnsiY3JlYXRlIjozNjAwMDAwMDAwMDAwLCJkZWxldGUiOjM2MDAwMDAwMDAwMDAsInJlYWQiOjMwMDAwMDAwMDAwMCwidXBkYXRlIjozNjAwMDAwMDAwMDAwfSwic2NoZW1hX3ZlcnNpb24iOiIyIn0=",
          "dependencies": [
            "azurerm_resource_group.rg"
          ]
        }
      ]
    },
    {
      "mode": "managed",
      "type": "azurerm_subnet",
      "name": "mySubnet",
      "provider": "provider[\"registry.terraform.io/hashicorp/azurerm\"]",
      "instances": [
        {
          "schema_version": 0,
          "attributes": {
            "address_prefix": "10.0.0.0/24",
            "address_prefixes": [
              "10.0.0.0/24"
            ],
            "delegation": [],
            "enforce_private_link_endpoint_network_policies": false,
            "enforce_private_link_service_network_policies": false,
            "id": "/subscriptions/5ccf6afd-ae4a-4305-8393-5b1b7b150dd6/resourceGroups/kubernetes/providers/Microsoft.Network/virtualNetworks/redkubernetes/subnets/subredkubernetes",
            "name": "subredkubernetes",
            "resource_group_name": "kubernetes",
            "service_endpoint_policy_ids": null,
            "service_endpoints": null,
            "timeouts": null,
            "virtual_network_name": "redkubernetes"
          },
          "sensitive_attributes": [],
          "private": "eyJlMmJmYjczMC1lY2FhLTExZTYtOGY4OC0zNDM2M2JjN2M0YzAiOnsiY3JlYXRlIjoxODAwMDAwMDAwMDAwLCJkZWxldGUiOjE4MDAwMDAwMDAwMDAsInJlYWQiOjMwMDAwMDAwMDAwMCwidXBkYXRlIjoxODAwMDAwMDAwMDAwfX0=",
          "dependencies": [
            "azurerm_resource_group.rg",
            "azurerm_virtual_network.myNet"
          ]
        }
      ]
    },
    {
      "mode": "managed",
      "type": "azurerm_virtual_network",
      "name": "myNet",
      "provider": "provider[\"registry.terraform.io/hashicorp/azurerm\"]",
      "instances": [
        {
          "schema_version": 0,
          "attributes": {
            "address_space": [
              "10.0.0.0/24"
            ],
            "bgp_community": "",
            "ddos_protection_plan": [],
            "dns_servers": null,
            "guid": "5f98ebbb-f6bc-4a5f-ae2c-aa545fc8ca0b",
            "id": "/subscriptions/5ccf6afd-ae4a-4305-8393-5b1b7b150dd6/resourceGroups/kubernetes/providers/Microsoft.Network/virtualNetworks/redkubernetes",
            "location": "ukwest",
            "name": "redkubernetes",
            "resource_group_name": "kubernetes",
            "subnet": [],
            "tags": {
              "environment": "CasoPractico2"
            },
            "timeouts": null,
            "vm_protection_enabled": false
          },
          "sensitive_attributes": [],
          "private": "eyJlMmJmYjczMC1lY2FhLTExZTYtOGY4OC0zNDM2M2JjN2M0YzAiOnsiY3JlYXRlIjoxODAwMDAwMDAwMDAwLCJkZWxldGUiOjE4MDAwMDAwMDAwMDAsInJlYWQiOjMwMDAwMDAwMDAwMCwidXBkYXRlIjoxODAwMDAwMDAwMDAwfX0=",
          "dependencies": [
            "azurerm_resource_group.rg"
          ]
        }
      ]
    }
  ]
}
